Microsoft Visual Studio Solution File, Format Version 12.00
# Visual Studio 2012
Project("{FAE04EC0-301F-11D3-BF4B-00C04F79EFBC}") = "explosives_demo", "explosives_demo.csproj", "{66A3B2D5-B23C-45B7-A40A-B6723ACDFC91}"
EndProject
Global
	GlobalSection(SolutionConfigurationPlatforms) = preSolution
	Debug|Any CPU = Debug|Any CPU
	ExportDebug|Any CPU = ExportDebug|Any CPU
	ExportRelease|Any CPU = ExportRelease|Any CPU
	EndGlobalSection
	GlobalSection(ProjectConfigurationPlatforms) = postSolution
		{66A3B2D5-B23C-45B7-A40A-B6723ACDFC91}.Debug|Any CPU.ActiveCfg = Debug|Any CPU
		{66A3B2D5-B23C-45B7-A40A-B6723ACDFC91}.Debug|Any CPU.Build.0 = Debug|Any CPU
		{66A3B2D5-B23C-45B7-A40A-B6723ACDFC91}.ExportDebug|Any CPU.ActiveCfg = ExportDebug|Any CPU
		{66A3B2D5-B23C-45B7-A40A-B6723ACDFC91}.ExportDebug|Any CPU.Build.0 = ExportDebug|Any CPU
		{66A3B2D5-B23C-45B7-A40A-B6723ACDFC91}.ExportRelease|Any CPU.ActiveCfg = ExportRelease|Any CPU
		{66A3B2D5-B23C-45B7-A40A-B6723ACDFC91}.ExportRelease|Any CPU.Build.0 = ExportRelease|Any CPU
	EndGlobalSection
EndGlobal
